<?xml version="1.0" encoding="utf-8"?>
<Project ToolsVersion="4.0" xmlns="http://schemas.microsoft.com/developer/msbuild/2003">
  <ItemGroup>
    <ClCompile Include="test.cpp" />
    <ClCompile Include="msg.pb.cc" />
    <ClCompile Include="testclient.cpp" />
    <ClCompile Include="channel.cpp" />
    <ClCompile Include="gettimeofday_win32.c" />
    <ClCompile Include="mylogex.cpp" />
    <ClCompile Include="testclient_mgr.cpp" />
    <ClCompile Include="testsrv.cpp" />
    <ClCompile Include="testsrv_mgr.cpp" />
  </ItemGroup>
  <ItemGroup>
    <ClInclude Include="msg.pb.h" />
    <ClInclude Include="testclient.h" />
    <ClInclude Include="channel.h" />
    <ClInclude Include="gettimeofday.h" />
    <ClInclude Include="mylogex.h" />
    <ClInclude Include="testclient_mgr.h" />
    <ClInclude Include="testsrv.h" />
    <ClInclude Include="testsrv_mgr.h" />
  </ItemGroup>
  <ItemGroup>
    <None Include="..\..\lin\protodef\msg.proto" />
  </ItemGroup>
</Project>