Microsoft Visual Studio Solution File, Format Version 8.00
Project("{8BC9CEB8-8B4A-11D0-8D11-00A0C91BC942}") = "libini", "libini.vcproj", "{3D85E2A8-B661-493C-B5F6-D63FBC24FCB1}"
	ProjectSection(ProjectDependencies) = postProject
	EndProjectSection
EndProject
Global
	GlobalSection(SolutionConfiguration) = preSolution
		Debug = Debug
		Release = Release
	EndGlobalSection
	GlobalSection(ProjectConfiguration) = postSolution
		{3D85E2A8-B661-493C-B5F6-D63FBC24FCB1}.Debug.ActiveCfg = Debug|Win32
		{3D85E2A8-B661-493C-B5F6-D63FBC24FCB1}.Debug.Build.0 = Debug|Win32
		{3D85E2A8-B661-493C-B5F6-D63FBC24FCB1}.Release.ActiveCfg = Release|Win32
		{3D85E2A8-B661-493C-B5F6-D63FBC24FCB1}.Release.Build.0 = Release|Win32
	EndGlobalSection
	GlobalSection(ExtensibilityGlobals) = postSolution
	EndGlobalSection
	GlobalSection(ExtensibilityAddIns) = postSolution
	EndGlobalSection
EndGlobal
