<?xml version="1.0" encoding="utf-8"?>
<Project ToolsVersion="16.0" xmlns="http://schemas.microsoft.com/developer/msbuild/2003">
  <ItemGroup>
    <CustomBuild Include="D:\mywork\git\lingo\src\cpp\protobuf-cpp-3.19.2\build_win_64\CMakeFiles\c59cf76d2647d2291ce4fa89800916be\INSTALL_force.rule">
      <Filter>CMake Rules</Filter>
    </CustomBuild>
  </ItemGroup>
  <ItemGroup>
    <Filter Include="CMake Rules">
      <UniqueIdentifier>{583DFCAA-3702-3644-B6A4-35C773F1062D}</UniqueIdentifier>
    </Filter>
  </ItemGroup>
</Project>
