
Microsoft Visual Studio Solution File, Format Version 12.00
# Visual Studio Version 16
Project("{8BC9CEB8-8B4A-11D0-8D11-00A0C91BC942}") = "ALL_BUILD", "ALL_BUILD.vcxproj", "{27288399-B028-3F9A-97F5-3E4B9E64E75C}"
	ProjectSection(ProjectDependencies) = postProject
		{6273CE19-E833-36F7-AA72-5F35ACF7BAE5} = {6273CE19-E833-36F7-AA72-5F35ACF7BAE5}
		{26AB1F0D-5BB2-373E-BB05-6EDEBAF9A0FB} = {26AB1F0D-5BB2-373E-BB05-6EDEBAF9A0FB}
		{D0901369-AD8E-3C18-8D0E-E95AC86C222F} = {D0901369-AD8E-3C18-8D0E-E95AC86C222F}
		{FCADD49C-4078-3B45-8373-16ADC7C85184} = {FCADD49C-4078-3B45-8373-16ADC7C85184}
		{6FFE28CC-7F6D-3754-AAB2-6FF07AED94F6} = {6FFE28CC-7F6D-3754-AAB2-6FF07AED94F6}
		{77C1FD26-FE6B-317C-B33D-056F6EA8D2C0} = {77C1FD26-FE6B-317C-B33D-056F6EA8D2C0}
		{69620A40-5B15-3A19-94DE-C64D4232A150} = {69620A40-5B15-3A19-94DE-C64D4232A150}
		{CD459730-F6E3-38FB-A25A-0D9CD6207A9A} = {CD459730-F6E3-38FB-A25A-0D9CD6207A9A}
		{BFF2BB6A-D438-340C-A4F6-FE4505A3ED45} = {BFF2BB6A-D438-340C-A4F6-FE4505A3ED45}
		{52B169C0-3B6E-3BD5-A2B3-35CB5570D095} = {52B169C0-3B6E-3BD5-A2B3-35CB5570D095}
		{FBCFFA65-2476-3D95-BC69-0ADEE752443E} = {FBCFFA65-2476-3D95-BC69-0ADEE752443E}
	EndProjectSection
EndProject
Project("{8BC9CEB8-8B4A-11D0-8D11-00A0C91BC942}") = "INSTALL", "INSTALL.vcxproj", "{73224B29-208E-3D9D-BB29-2507B4389B1F}"
	ProjectSection(ProjectDependencies) = postProject
		{27288399-B028-3F9A-97F5-3E4B9E64E75C} = {27288399-B028-3F9A-97F5-3E4B9E64E75C}
		{6273CE19-E833-36F7-AA72-5F35ACF7BAE5} = {6273CE19-E833-36F7-AA72-5F35ACF7BAE5}
	EndProjectSection
EndProject
Project("{8BC9CEB8-8B4A-11D0-8D11-00A0C91BC942}") = "ZERO_CHECK", "ZERO_CHECK.vcxproj", "{6273CE19-E833-36F7-AA72-5F35ACF7BAE5}"
	ProjectSection(ProjectDependencies) = postProject
	EndProjectSection
EndProject
Project("{8BC9CEB8-8B4A-11D0-8D11-00A0C91BC942}") = "check", "check.vcxproj", "{AC62C9B7-0C40-3204-BD88-1C359CE102FC}"
	ProjectSection(ProjectDependencies) = postProject
		{6273CE19-E833-36F7-AA72-5F35ACF7BAE5} = {6273CE19-E833-36F7-AA72-5F35ACF7BAE5}
		{52B169C0-3B6E-3BD5-A2B3-35CB5570D095} = {52B169C0-3B6E-3BD5-A2B3-35CB5570D095}
		{FBCFFA65-2476-3D95-BC69-0ADEE752443E} = {FBCFFA65-2476-3D95-BC69-0ADEE752443E}
	EndProjectSection
EndProject
Project("{8BC9CEB8-8B4A-11D0-8D11-00A0C91BC942}") = "gmock", "gmock.vcxproj", "{26AB1F0D-5BB2-373E-BB05-6EDEBAF9A0FB}"
	ProjectSection(ProjectDependencies) = postProject
		{6273CE19-E833-36F7-AA72-5F35ACF7BAE5} = {6273CE19-E833-36F7-AA72-5F35ACF7BAE5}
	EndProjectSection
EndProject
Project("{8BC9CEB8-8B4A-11D0-8D11-00A0C91BC942}") = "gmock_main", "gmock_main.vcxproj", "{D0901369-AD8E-3C18-8D0E-E95AC86C222F}"
	ProjectSection(ProjectDependencies) = postProject
		{6273CE19-E833-36F7-AA72-5F35ACF7BAE5} = {6273CE19-E833-36F7-AA72-5F35ACF7BAE5}
		{26AB1F0D-5BB2-373E-BB05-6EDEBAF9A0FB} = {26AB1F0D-5BB2-373E-BB05-6EDEBAF9A0FB}
	EndProjectSection
EndProject
Project("{8BC9CEB8-8B4A-11D0-8D11-00A0C91BC942}") = "libprotobuf", "libprotobuf.vcxproj", "{FCADD49C-4078-3B45-8373-16ADC7C85184}"
	ProjectSection(ProjectDependencies) = postProject
		{6273CE19-E833-36F7-AA72-5F35ACF7BAE5} = {6273CE19-E833-36F7-AA72-5F35ACF7BAE5}
	EndProjectSection
EndProject
Project("{8BC9CEB8-8B4A-11D0-8D11-00A0C91BC942}") = "libprotobuf-lite", "libprotobuf-lite.vcxproj", "{6FFE28CC-7F6D-3754-AAB2-6FF07AED94F6}"
	ProjectSection(ProjectDependencies) = postProject
		{6273CE19-E833-36F7-AA72-5F35ACF7BAE5} = {6273CE19-E833-36F7-AA72-5F35ACF7BAE5}
	EndProjectSection
EndProject
Project("{8BC9CEB8-8B4A-11D0-8D11-00A0C91BC942}") = "libprotoc", "libprotoc.vcxproj", "{77C1FD26-FE6B-317C-B33D-056F6EA8D2C0}"
	ProjectSection(ProjectDependencies) = postProject
		{6273CE19-E833-36F7-AA72-5F35ACF7BAE5} = {6273CE19-E833-36F7-AA72-5F35ACF7BAE5}
		{FCADD49C-4078-3B45-8373-16ADC7C85184} = {FCADD49C-4078-3B45-8373-16ADC7C85184}
	EndProjectSection
EndProject
Project("{8BC9CEB8-8B4A-11D0-8D11-00A0C91BC942}") = "lite-arena-test", "lite-arena-test.vcxproj", "{69620A40-5B15-3A19-94DE-C64D4232A150}"
	ProjectSection(ProjectDependencies) = postProject
		{6273CE19-E833-36F7-AA72-5F35ACF7BAE5} = {6273CE19-E833-36F7-AA72-5F35ACF7BAE5}
		{26AB1F0D-5BB2-373E-BB05-6EDEBAF9A0FB} = {26AB1F0D-5BB2-373E-BB05-6EDEBAF9A0FB}
		{D0901369-AD8E-3C18-8D0E-E95AC86C222F} = {D0901369-AD8E-3C18-8D0E-E95AC86C222F}
		{6FFE28CC-7F6D-3754-AAB2-6FF07AED94F6} = {6FFE28CC-7F6D-3754-AAB2-6FF07AED94F6}
		{BFF2BB6A-D438-340C-A4F6-FE4505A3ED45} = {BFF2BB6A-D438-340C-A4F6-FE4505A3ED45}
	EndProjectSection
EndProject
Project("{8BC9CEB8-8B4A-11D0-8D11-00A0C91BC942}") = "lite-test", "lite-test.vcxproj", "{CD459730-F6E3-38FB-A25A-0D9CD6207A9A}"
	ProjectSection(ProjectDependencies) = postProject
		{6273CE19-E833-36F7-AA72-5F35ACF7BAE5} = {6273CE19-E833-36F7-AA72-5F35ACF7BAE5}
		{26AB1F0D-5BB2-373E-BB05-6EDEBAF9A0FB} = {26AB1F0D-5BB2-373E-BB05-6EDEBAF9A0FB}
		{D0901369-AD8E-3C18-8D0E-E95AC86C222F} = {D0901369-AD8E-3C18-8D0E-E95AC86C222F}
		{6FFE28CC-7F6D-3754-AAB2-6FF07AED94F6} = {6FFE28CC-7F6D-3754-AAB2-6FF07AED94F6}
		{BFF2BB6A-D438-340C-A4F6-FE4505A3ED45} = {BFF2BB6A-D438-340C-A4F6-FE4505A3ED45}
	EndProjectSection
EndProject
Project("{8BC9CEB8-8B4A-11D0-8D11-00A0C91BC942}") = "protoc", "protoc.vcxproj", "{BFF2BB6A-D438-340C-A4F6-FE4505A3ED45}"
	ProjectSection(ProjectDependencies) = postProject
		{6273CE19-E833-36F7-AA72-5F35ACF7BAE5} = {6273CE19-E833-36F7-AA72-5F35ACF7BAE5}
		{FCADD49C-4078-3B45-8373-16ADC7C85184} = {FCADD49C-4078-3B45-8373-16ADC7C85184}
		{77C1FD26-FE6B-317C-B33D-056F6EA8D2C0} = {77C1FD26-FE6B-317C-B33D-056F6EA8D2C0}
	EndProjectSection
EndProject
Project("{8BC9CEB8-8B4A-11D0-8D11-00A0C91BC942}") = "test_plugin", "test_plugin.vcxproj", "{52B169C0-3B6E-3BD5-A2B3-35CB5570D095}"
	ProjectSection(ProjectDependencies) = postProject
		{6273CE19-E833-36F7-AA72-5F35ACF7BAE5} = {6273CE19-E833-36F7-AA72-5F35ACF7BAE5}
		{26AB1F0D-5BB2-373E-BB05-6EDEBAF9A0FB} = {26AB1F0D-5BB2-373E-BB05-6EDEBAF9A0FB}
		{FCADD49C-4078-3B45-8373-16ADC7C85184} = {FCADD49C-4078-3B45-8373-16ADC7C85184}
		{77C1FD26-FE6B-317C-B33D-056F6EA8D2C0} = {77C1FD26-FE6B-317C-B33D-056F6EA8D2C0}
	EndProjectSection
EndProject
Project("{8BC9CEB8-8B4A-11D0-8D11-00A0C91BC942}") = "tests", "tests.vcxproj", "{FBCFFA65-2476-3D95-BC69-0ADEE752443E}"
	ProjectSection(ProjectDependencies) = postProject
		{6273CE19-E833-36F7-AA72-5F35ACF7BAE5} = {6273CE19-E833-36F7-AA72-5F35ACF7BAE5}
		{26AB1F0D-5BB2-373E-BB05-6EDEBAF9A0FB} = {26AB1F0D-5BB2-373E-BB05-6EDEBAF9A0FB}
		{D0901369-AD8E-3C18-8D0E-E95AC86C222F} = {D0901369-AD8E-3C18-8D0E-E95AC86C222F}
		{FCADD49C-4078-3B45-8373-16ADC7C85184} = {FCADD49C-4078-3B45-8373-16ADC7C85184}
		{77C1FD26-FE6B-317C-B33D-056F6EA8D2C0} = {77C1FD26-FE6B-317C-B33D-056F6EA8D2C0}
		{BFF2BB6A-D438-340C-A4F6-FE4505A3ED45} = {BFF2BB6A-D438-340C-A4F6-FE4505A3ED45}
	EndProjectSection
EndProject
Global
	GlobalSection(SolutionConfigurationPlatforms) = preSolution
		Debug|x64 = Debug|x64
		Release|x64 = Release|x64
		MinSizeRel|x64 = MinSizeRel|x64
		RelWithDebInfo|x64 = RelWithDebInfo|x64
	EndGlobalSection
	GlobalSection(ProjectConfigurationPlatforms) = postSolution
		{27288399-B028-3F9A-97F5-3E4B9E64E75C}.Debug|x64.ActiveCfg = Debug|x64
		{27288399-B028-3F9A-97F5-3E4B9E64E75C}.Debug|x64.Build.0 = Debug|x64
		{27288399-B028-3F9A-97F5-3E4B9E64E75C}.Release|x64.ActiveCfg = Release|x64
		{27288399-B028-3F9A-97F5-3E4B9E64E75C}.Release|x64.Build.0 = Release|x64
		{27288399-B028-3F9A-97F5-3E4B9E64E75C}.MinSizeRel|x64.ActiveCfg = MinSizeRel|x64
		{27288399-B028-3F9A-97F5-3E4B9E64E75C}.MinSizeRel|x64.Build.0 = MinSizeRel|x64
		{27288399-B028-3F9A-97F5-3E4B9E64E75C}.RelWithDebInfo|x64.ActiveCfg = RelWithDebInfo|x64
		{27288399-B028-3F9A-97F5-3E4B9E64E75C}.RelWithDebInfo|x64.Build.0 = RelWithDebInfo|x64
		{73224B29-208E-3D9D-BB29-2507B4389B1F}.Debug|x64.ActiveCfg = Debug|x64
		{73224B29-208E-3D9D-BB29-2507B4389B1F}.Release|x64.ActiveCfg = Release|x64
		{73224B29-208E-3D9D-BB29-2507B4389B1F}.MinSizeRel|x64.ActiveCfg = MinSizeRel|x64
		{73224B29-208E-3D9D-BB29-2507B4389B1F}.RelWithDebInfo|x64.ActiveCfg = RelWithDebInfo|x64
		{6273CE19-E833-36F7-AA72-5F35ACF7BAE5}.Debug|x64.ActiveCfg = Debug|x64
		{6273CE19-E833-36F7-AA72-5F35ACF7BAE5}.Debug|x64.Build.0 = Debug|x64
		{6273CE19-E833-36F7-AA72-5F35ACF7BAE5}.Release|x64.ActiveCfg = Release|x64
		{6273CE19-E833-36F7-AA72-5F35ACF7BAE5}.Release|x64.Build.0 = Release|x64
		{6273CE19-E833-36F7-AA72-5F35ACF7BAE5}.MinSizeRel|x64.ActiveCfg = MinSizeRel|x64
		{6273CE19-E833-36F7-AA72-5F35ACF7BAE5}.MinSizeRel|x64.Build.0 = MinSizeRel|x64
		{6273CE19-E833-36F7-AA72-5F35ACF7BAE5}.RelWithDebInfo|x64.ActiveCfg = RelWithDebInfo|x64
		{6273CE19-E833-36F7-AA72-5F35ACF7BAE5}.RelWithDebInfo|x64.Build.0 = RelWithDebInfo|x64
		{AC62C9B7-0C40-3204-BD88-1C359CE102FC}.Debug|x64.ActiveCfg = Debug|x64
		{AC62C9B7-0C40-3204-BD88-1C359CE102FC}.Release|x64.ActiveCfg = Release|x64
		{AC62C9B7-0C40-3204-BD88-1C359CE102FC}.MinSizeRel|x64.ActiveCfg = MinSizeRel|x64
		{AC62C9B7-0C40-3204-BD88-1C359CE102FC}.RelWithDebInfo|x64.ActiveCfg = RelWithDebInfo|x64
		{26AB1F0D-5BB2-373E-BB05-6EDEBAF9A0FB}.Debug|x64.ActiveCfg = Debug|x64
		{26AB1F0D-5BB2-373E-BB05-6EDEBAF9A0FB}.Debug|x64.Build.0 = Debug|x64
		{26AB1F0D-5BB2-373E-BB05-6EDEBAF9A0FB}.Release|x64.ActiveCfg = Release|x64
		{26AB1F0D-5BB2-373E-BB05-6EDEBAF9A0FB}.Release|x64.Build.0 = Release|x64
		{26AB1F0D-5BB2-373E-BB05-6EDEBAF9A0FB}.MinSizeRel|x64.ActiveCfg = MinSizeRel|x64
		{26AB1F0D-5BB2-373E-BB05-6EDEBAF9A0FB}.MinSizeRel|x64.Build.0 = MinSizeRel|x64
		{26AB1F0D-5BB2-373E-BB05-6EDEBAF9A0FB}.RelWithDebInfo|x64.ActiveCfg = RelWithDebInfo|x64
		{26AB1F0D-5BB2-373E-BB05-6EDEBAF9A0FB}.RelWithDebInfo|x64.Build.0 = RelWithDebInfo|x64
		{D0901369-AD8E-3C18-8D0E-E95AC86C222F}.Debug|x64.ActiveCfg = Debug|x64
		{D0901369-AD8E-3C18-8D0E-E95AC86C222F}.Debug|x64.Build.0 = Debug|x64
		{D0901369-AD8E-3C18-8D0E-E95AC86C222F}.Release|x64.ActiveCfg = Release|x64
		{D0901369-AD8E-3C18-8D0E-E95AC86C222F}.Release|x64.Build.0 = Release|x64
		{D0901369-AD8E-3C18-8D0E-E95AC86C222F}.MinSizeRel|x64.ActiveCfg = MinSizeRel|x64
		{D0901369-AD8E-3C18-8D0E-E95AC86C222F}.MinSizeRel|x64.Build.0 = MinSizeRel|x64
		{D0901369-AD8E-3C18-8D0E-E95AC86C222F}.RelWithDebInfo|x64.ActiveCfg = RelWithDebInfo|x64
		{D0901369-AD8E-3C18-8D0E-E95AC86C222F}.RelWithDebInfo|x64.Build.0 = RelWithDebInfo|x64
		{FCADD49C-4078-3B45-8373-16ADC7C85184}.Debug|x64.ActiveCfg = Debug|x64
		{FCADD49C-4078-3B45-8373-16ADC7C85184}.Debug|x64.Build.0 = Debug|x64
		{FCADD49C-4078-3B45-8373-16ADC7C85184}.Release|x64.ActiveCfg = Release|x64
		{FCADD49C-4078-3B45-8373-16ADC7C85184}.Release|x64.Build.0 = Release|x64
		{FCADD49C-4078-3B45-8373-16ADC7C85184}.MinSizeRel|x64.ActiveCfg = MinSizeRel|x64
		{FCADD49C-4078-3B45-8373-16ADC7C85184}.MinSizeRel|x64.Build.0 = MinSizeRel|x64
		{FCADD49C-4078-3B45-8373-16ADC7C85184}.RelWithDebInfo|x64.ActiveCfg = RelWithDebInfo|x64
		{FCADD49C-4078-3B45-8373-16ADC7C85184}.RelWithDebInfo|x64.Build.0 = RelWithDebInfo|x64
		{6FFE28CC-7F6D-3754-AAB2-6FF07AED94F6}.Debug|x64.ActiveCfg = Debug|x64
		{6FFE28CC-7F6D-3754-AAB2-6FF07AED94F6}.Debug|x64.Build.0 = Debug|x64
		{6FFE28CC-7F6D-3754-AAB2-6FF07AED94F6}.Release|x64.ActiveCfg = Release|x64
		{6FFE28CC-7F6D-3754-AAB2-6FF07AED94F6}.Release|x64.Build.0 = Release|x64
		{6FFE28CC-7F6D-3754-AAB2-6FF07AED94F6}.MinSizeRel|x64.ActiveCfg = MinSizeRel|x64
		{6FFE28CC-7F6D-3754-AAB2-6FF07AED94F6}.MinSizeRel|x64.Build.0 = MinSizeRel|x64
		{6FFE28CC-7F6D-3754-AAB2-6FF07AED94F6}.RelWithDebInfo|x64.ActiveCfg = RelWithDebInfo|x64
		{6FFE28CC-7F6D-3754-AAB2-6FF07AED94F6}.RelWithDebInfo|x64.Build.0 = RelWithDebInfo|x64
		{77C1FD26-FE6B-317C-B33D-056F6EA8D2C0}.Debug|x64.ActiveCfg = Debug|x64
		{77C1FD26-FE6B-317C-B33D-056F6EA8D2C0}.Debug|x64.Build.0 = Debug|x64
		{77C1FD26-FE6B-317C-B33D-056F6EA8D2C0}.Release|x64.ActiveCfg = Release|x64
		{77C1FD26-FE6B-317C-B33D-056F6EA8D2C0}.Release|x64.Build.0 = Release|x64
		{77C1FD26-FE6B-317C-B33D-056F6EA8D2C0}.MinSizeRel|x64.ActiveCfg = MinSizeRel|x64
		{77C1FD26-FE6B-317C-B33D-056F6EA8D2C0}.MinSizeRel|x64.Build.0 = MinSizeRel|x64
		{77C1FD26-FE6B-317C-B33D-056F6EA8D2C0}.RelWithDebInfo|x64.ActiveCfg = RelWithDebInfo|x64
		{77C1FD26-FE6B-317C-B33D-056F6EA8D2C0}.RelWithDebInfo|x64.Build.0 = RelWithDebInfo|x64
		{69620A40-5B15-3A19-94DE-C64D4232A150}.Debug|x64.ActiveCfg = Debug|x64
		{69620A40-5B15-3A19-94DE-C64D4232A150}.Debug|x64.Build.0 = Debug|x64
		{69620A40-5B15-3A19-94DE-C64D4232A150}.Release|x64.ActiveCfg = Release|x64
		{69620A40-5B15-3A19-94DE-C64D4232A150}.Release|x64.Build.0 = Release|x64
		{69620A40-5B15-3A19-94DE-C64D4232A150}.MinSizeRel|x64.ActiveCfg = MinSizeRel|x64
		{69620A40-5B15-3A19-94DE-C64D4232A150}.MinSizeRel|x64.Build.0 = MinSizeRel|x64
		{69620A40-5B15-3A19-94DE-C64D4232A150}.RelWithDebInfo|x64.ActiveCfg = RelWithDebInfo|x64
		{69620A40-5B15-3A19-94DE-C64D4232A150}.RelWithDebInfo|x64.Build.0 = RelWithDebInfo|x64
		{CD459730-F6E3-38FB-A25A-0D9CD6207A9A}.Debug|x64.ActiveCfg = Debug|x64
		{CD459730-F6E3-38FB-A25A-0D9CD6207A9A}.Debug|x64.Build.0 = Debug|x64
		{CD459730-F6E3-38FB-A25A-0D9CD6207A9A}.Release|x64.ActiveCfg = Release|x64
		{CD459730-F6E3-38FB-A25A-0D9CD6207A9A}.Release|x64.Build.0 = Release|x64
		{CD459730-F6E3-38FB-A25A-0D9CD6207A9A}.MinSizeRel|x64.ActiveCfg = MinSizeRel|x64
		{CD459730-F6E3-38FB-A25A-0D9CD6207A9A}.MinSizeRel|x64.Build.0 = MinSizeRel|x64
		{CD459730-F6E3-38FB-A25A-0D9CD6207A9A}.RelWithDebInfo|x64.ActiveCfg = RelWithDebInfo|x64
		{CD459730-F6E3-38FB-A25A-0D9CD6207A9A}.RelWithDebInfo|x64.Build.0 = RelWithDebInfo|x64
		{BFF2BB6A-D438-340C-A4F6-FE4505A3ED45}.Debug|x64.ActiveCfg = Debug|x64
		{BFF2BB6A-D438-340C-A4F6-FE4505A3ED45}.Debug|x64.Build.0 = Debug|x64
		{BFF2BB6A-D438-340C-A4F6-FE4505A3ED45}.Release|x64.ActiveCfg = Release|x64
		{BFF2BB6A-D438-340C-A4F6-FE4505A3ED45}.Release|x64.Build.0 = Release|x64
		{BFF2BB6A-D438-340C-A4F6-FE4505A3ED45}.MinSizeRel|x64.ActiveCfg = MinSizeRel|x64
		{BFF2BB6A-D438-340C-A4F6-FE4505A3ED45}.MinSizeRel|x64.Build.0 = MinSizeRel|x64
		{BFF2BB6A-D438-340C-A4F6-FE4505A3ED45}.RelWithDebInfo|x64.ActiveCfg = RelWithDebInfo|x64
		{BFF2BB6A-D438-340C-A4F6-FE4505A3ED45}.RelWithDebInfo|x64.Build.0 = RelWithDebInfo|x64
		{52B169C0-3B6E-3BD5-A2B3-35CB5570D095}.Debug|x64.ActiveCfg = Debug|x64
		{52B169C0-3B6E-3BD5-A2B3-35CB5570D095}.Debug|x64.Build.0 = Debug|x64
		{52B169C0-3B6E-3BD5-A2B3-35CB5570D095}.Release|x64.ActiveCfg = Release|x64
		{52B169C0-3B6E-3BD5-A2B3-35CB5570D095}.Release|x64.Build.0 = Release|x64
		{52B169C0-3B6E-3BD5-A2B3-35CB5570D095}.MinSizeRel|x64.ActiveCfg = MinSizeRel|x64
		{52B169C0-3B6E-3BD5-A2B3-35CB5570D095}.MinSizeRel|x64.Build.0 = MinSizeRel|x64
		{52B169C0-3B6E-3BD5-A2B3-35CB5570D095}.RelWithDebInfo|x64.ActiveCfg = RelWithDebInfo|x64
		{52B169C0-3B6E-3BD5-A2B3-35CB5570D095}.RelWithDebInfo|x64.Build.0 = RelWithDebInfo|x64
		{FBCFFA65-2476-3D95-BC69-0ADEE752443E}.Debug|x64.ActiveCfg = Debug|x64
		{FBCFFA65-2476-3D95-BC69-0ADEE752443E}.Debug|x64.Build.0 = Debug|x64
		{FBCFFA65-2476-3D95-BC69-0ADEE752443E}.Release|x64.ActiveCfg = Release|x64
		{FBCFFA65-2476-3D95-BC69-0ADEE752443E}.Release|x64.Build.0 = Release|x64
		{FBCFFA65-2476-3D95-BC69-0ADEE752443E}.MinSizeRel|x64.ActiveCfg = MinSizeRel|x64
		{FBCFFA65-2476-3D95-BC69-0ADEE752443E}.MinSizeRel|x64.Build.0 = MinSizeRel|x64
		{FBCFFA65-2476-3D95-BC69-0ADEE752443E}.RelWithDebInfo|x64.ActiveCfg = RelWithDebInfo|x64
		{FBCFFA65-2476-3D95-BC69-0ADEE752443E}.RelWithDebInfo|x64.Build.0 = RelWithDebInfo|x64
	EndGlobalSection
	GlobalSection(ExtensibilityGlobals) = postSolution
		SolutionGuid = {AD391E0B-CF3F-3C5C-B31B-F4D15383035F}
	EndGlobalSection
	GlobalSection(ExtensibilityAddIns) = postSolution
	EndGlobalSection
EndGlobal
