<?xml version="1.0" encoding="utf-8"?>
<Project ToolsVersion="16.0" xmlns="http://schemas.microsoft.com/developer/msbuild/2003">
  <ItemGroup>
    <CustomBuild Include="F:\test\lingo\src\cpp\test\protobuf-3.19.2\build_win_64\CMakeFiles\05d35cd1cc6965678708303ac617b264\check.rule">
      <Filter>CMake Rules</Filter>
    </CustomBuild>
    <CustomBuild Include="F:\test\lingo\src\cpp\test\protobuf-3.19.2\cmake\CMakeLists.txt" />
  </ItemGroup>
  <ItemGroup>
    <None Include="F:\test\lingo\src\cpp\test\protobuf-3.19.2\build_win_64\CMakeFiles\check" />
  </ItemGroup>
  <ItemGroup>
    <Filter Include="CMake Rules">
      <UniqueIdentifier>{8B07D47B-4F6A-352D-872C-78DB7B808DC9}</UniqueIdentifier>
    </Filter>
  </ItemGroup>
</Project>
