<?xml version="1.0" encoding="utf-8"?>
<Project ToolsVersion="16.0" xmlns="http://schemas.microsoft.com/developer/msbuild/2003">
  <ItemGroup>
    <ClCompile Include="F:\test\lingo\src\cpp\test\protobuf-3.19.2\third_party\googletest\googlemock\src\gmock_main.cc">
      <Filter>Source Files</Filter>
    </ClCompile>
  </ItemGroup>
  <ItemGroup>
    <CustomBuild Include="F:\test\lingo\src\cpp\test\protobuf-3.19.2\cmake\CMakeLists.txt" />
  </ItemGroup>
  <ItemGroup>
    <Filter Include="Source Files">
      <UniqueIdentifier>{DCB78A17-07B3-3286-80DB-BF2EA717BFED}</UniqueIdentifier>
    </Filter>
  </ItemGroup>
</Project>
