<?xml version="1.0" encoding="utf-8"?>
<Project ToolsVersion="16.0" xmlns="http://schemas.microsoft.com/developer/msbuild/2003">
  <ItemGroup>
    <ClCompile Include="D:\mywork\git\lingo\src\cpp\test\protobuf-3.19.2\src\google\protobuf\lite_unittest.cc">
      <Filter>Source Files</Filter>
    </ClCompile>
    <ClCompile Include="D:\mywork\git\lingo\src\cpp\test\protobuf-3.19.2\src\google\protobuf\arena_test_util.cc">
      <Filter>Source Files</Filter>
    </ClCompile>
    <ClCompile Include="D:\mywork\git\lingo\src\cpp\test\protobuf-3.19.2\src\google\protobuf\map_lite_test_util.cc">
      <Filter>Source Files</Filter>
    </ClCompile>
    <ClCompile Include="D:\mywork\git\lingo\src\cpp\test\protobuf-3.19.2\src\google\protobuf\test_util_lite.cc">
      <Filter>Source Files</Filter>
    </ClCompile>
    <ClCompile Include="D:\mywork\git\lingo\src\cpp\test\protobuf-3.19.2\src\google\protobuf\map_lite_unittest.pb.cc">
      <Filter>Source Files</Filter>
    </ClCompile>
    <ClCompile Include="D:\mywork\git\lingo\src\cpp\test\protobuf-3.19.2\src\google\protobuf\unittest_import_lite.pb.cc">
      <Filter>Source Files</Filter>
    </ClCompile>
    <ClCompile Include="D:\mywork\git\lingo\src\cpp\test\protobuf-3.19.2\src\google\protobuf\unittest_import_public_lite.pb.cc">
      <Filter>Source Files</Filter>
    </ClCompile>
    <ClCompile Include="D:\mywork\git\lingo\src\cpp\test\protobuf-3.19.2\src\google\protobuf\unittest_lite.pb.cc">
      <Filter>Source Files</Filter>
    </ClCompile>
  </ItemGroup>
  <ItemGroup>
    <CustomBuild Include="D:\mywork\git\lingo\src\cpp\test\protobuf-3.19.2\build_win_64\CMakeFiles\697fbb5577f6d5381e09adc30fade5f4\map_lite_unittest.pb.cc.rule">
      <Filter>CMake Rules</Filter>
    </CustomBuild>
    <CustomBuild Include="D:\mywork\git\lingo\src\cpp\test\protobuf-3.19.2\build_win_64\CMakeFiles\697fbb5577f6d5381e09adc30fade5f4\unittest_import_lite.pb.cc.rule">
      <Filter>CMake Rules</Filter>
    </CustomBuild>
    <CustomBuild Include="D:\mywork\git\lingo\src\cpp\test\protobuf-3.19.2\build_win_64\CMakeFiles\697fbb5577f6d5381e09adc30fade5f4\unittest_import_public_lite.pb.cc.rule">
      <Filter>CMake Rules</Filter>
    </CustomBuild>
    <CustomBuild Include="D:\mywork\git\lingo\src\cpp\test\protobuf-3.19.2\build_win_64\CMakeFiles\697fbb5577f6d5381e09adc30fade5f4\unittest_lite.pb.cc.rule">
      <Filter>CMake Rules</Filter>
    </CustomBuild>
    <CustomBuild Include="D:\mywork\git\lingo\src\cpp\test\protobuf-3.19.2\cmake\CMakeLists.txt" />
  </ItemGroup>
  <ItemGroup>
    <Filter Include="CMake Rules">
      <UniqueIdentifier>{869D1E95-A2FE-36B5-93F5-DAF795D61D85}</UniqueIdentifier>
    </Filter>
    <Filter Include="Source Files">
      <UniqueIdentifier>{76495A3F-ECF6-3604-8B08-01DC968A4D22}</UniqueIdentifier>
    </Filter>
  </ItemGroup>
</Project>
