
Microsoft Visual Studio Solution File, Format Version 12.00
# Visual Studio Version 16
Project("{8BC9CEB8-8B4A-11D0-8D11-00A0C91BC942}") = "ALL_BUILD", "ALL_BUILD.vcxproj", "{56080357-78EA-3339-8641-2D71F6F1FE8A}"
	ProjectSection(ProjectDependencies) = postProject
		{00EF6A61-935F-3230-A107-8D837C55DEBE} = {00EF6A61-935F-3230-A107-8D837C55DEBE}
		{F678E933-3628-329B-AA7C-05DAD1B4A5AD} = {F678E933-3628-329B-AA7C-05DAD1B4A5AD}
		{B1D6E482-2EB8-3081-BAC6-B6D09E5759CF} = {B1D6E482-2EB8-3081-BAC6-B6D09E5759CF}
		{09E194F4-7116-3E37-948C-5D345EC72A1A} = {09E194F4-7116-3E37-948C-5D345EC72A1A}
		{81052C86-7BFB-3683-8D66-8F00D9B0496C} = {81052C86-7BFB-3683-8D66-8F00D9B0496C}
		{D6269E4C-0766-33CE-B9B6-68F399490D3D} = {D6269E4C-0766-33CE-B9B6-68F399490D3D}
		{9694B7AA-BF10-3549-B5D2-D01ABD33A5EC} = {9694B7AA-BF10-3549-B5D2-D01ABD33A5EC}
		{DABE9858-AF8D-332A-9975-EB91D05CC2F9} = {DABE9858-AF8D-332A-9975-EB91D05CC2F9}
		{02A0083C-B885-3151-AC49-9006DD13E993} = {02A0083C-B885-3151-AC49-9006DD13E993}
		{8BA93633-4AAA-3F02-ACC1-E464126EBFD2} = {8BA93633-4AAA-3F02-ACC1-E464126EBFD2}
		{D22FD54D-553E-3DC1-A398-8A5405409EEE} = {D22FD54D-553E-3DC1-A398-8A5405409EEE}
	EndProjectSection
EndProject
Project("{8BC9CEB8-8B4A-11D0-8D11-00A0C91BC942}") = "INSTALL", "INSTALL.vcxproj", "{668D4010-B95E-3722-B6BC-82821A6AAC40}"
	ProjectSection(ProjectDependencies) = postProject
		{56080357-78EA-3339-8641-2D71F6F1FE8A} = {56080357-78EA-3339-8641-2D71F6F1FE8A}
		{00EF6A61-935F-3230-A107-8D837C55DEBE} = {00EF6A61-935F-3230-A107-8D837C55DEBE}
	EndProjectSection
EndProject
Project("{8BC9CEB8-8B4A-11D0-8D11-00A0C91BC942}") = "ZERO_CHECK", "ZERO_CHECK.vcxproj", "{00EF6A61-935F-3230-A107-8D837C55DEBE}"
	ProjectSection(ProjectDependencies) = postProject
	EndProjectSection
EndProject
Project("{8BC9CEB8-8B4A-11D0-8D11-00A0C91BC942}") = "check", "check.vcxproj", "{E38B6E48-03AB-384C-8BB8-06008D0A9196}"
	ProjectSection(ProjectDependencies) = postProject
		{00EF6A61-935F-3230-A107-8D837C55DEBE} = {00EF6A61-935F-3230-A107-8D837C55DEBE}
		{8BA93633-4AAA-3F02-ACC1-E464126EBFD2} = {8BA93633-4AAA-3F02-ACC1-E464126EBFD2}
		{D22FD54D-553E-3DC1-A398-8A5405409EEE} = {D22FD54D-553E-3DC1-A398-8A5405409EEE}
	EndProjectSection
EndProject
Project("{8BC9CEB8-8B4A-11D0-8D11-00A0C91BC942}") = "gmock", "gmock.vcxproj", "{F678E933-3628-329B-AA7C-05DAD1B4A5AD}"
	ProjectSection(ProjectDependencies) = postProject
		{00EF6A61-935F-3230-A107-8D837C55DEBE} = {00EF6A61-935F-3230-A107-8D837C55DEBE}
	EndProjectSection
EndProject
Project("{8BC9CEB8-8B4A-11D0-8D11-00A0C91BC942}") = "gmock_main", "gmock_main.vcxproj", "{B1D6E482-2EB8-3081-BAC6-B6D09E5759CF}"
	ProjectSection(ProjectDependencies) = postProject
		{00EF6A61-935F-3230-A107-8D837C55DEBE} = {00EF6A61-935F-3230-A107-8D837C55DEBE}
		{F678E933-3628-329B-AA7C-05DAD1B4A5AD} = {F678E933-3628-329B-AA7C-05DAD1B4A5AD}
	EndProjectSection
EndProject
Project("{8BC9CEB8-8B4A-11D0-8D11-00A0C91BC942}") = "libprotobuf", "libprotobuf.vcxproj", "{09E194F4-7116-3E37-948C-5D345EC72A1A}"
	ProjectSection(ProjectDependencies) = postProject
		{00EF6A61-935F-3230-A107-8D837C55DEBE} = {00EF6A61-935F-3230-A107-8D837C55DEBE}
	EndProjectSection
EndProject
Project("{8BC9CEB8-8B4A-11D0-8D11-00A0C91BC942}") = "libprotobuf-lite", "libprotobuf-lite.vcxproj", "{81052C86-7BFB-3683-8D66-8F00D9B0496C}"
	ProjectSection(ProjectDependencies) = postProject
		{00EF6A61-935F-3230-A107-8D837C55DEBE} = {00EF6A61-935F-3230-A107-8D837C55DEBE}
	EndProjectSection
EndProject
Project("{8BC9CEB8-8B4A-11D0-8D11-00A0C91BC942}") = "libprotoc", "libprotoc.vcxproj", "{D6269E4C-0766-33CE-B9B6-68F399490D3D}"
	ProjectSection(ProjectDependencies) = postProject
		{00EF6A61-935F-3230-A107-8D837C55DEBE} = {00EF6A61-935F-3230-A107-8D837C55DEBE}
		{09E194F4-7116-3E37-948C-5D345EC72A1A} = {09E194F4-7116-3E37-948C-5D345EC72A1A}
	EndProjectSection
EndProject
Project("{8BC9CEB8-8B4A-11D0-8D11-00A0C91BC942}") = "lite-arena-test", "lite-arena-test.vcxproj", "{9694B7AA-BF10-3549-B5D2-D01ABD33A5EC}"
	ProjectSection(ProjectDependencies) = postProject
		{00EF6A61-935F-3230-A107-8D837C55DEBE} = {00EF6A61-935F-3230-A107-8D837C55DEBE}
		{F678E933-3628-329B-AA7C-05DAD1B4A5AD} = {F678E933-3628-329B-AA7C-05DAD1B4A5AD}
		{B1D6E482-2EB8-3081-BAC6-B6D09E5759CF} = {B1D6E482-2EB8-3081-BAC6-B6D09E5759CF}
		{81052C86-7BFB-3683-8D66-8F00D9B0496C} = {81052C86-7BFB-3683-8D66-8F00D9B0496C}
		{02A0083C-B885-3151-AC49-9006DD13E993} = {02A0083C-B885-3151-AC49-9006DD13E993}
	EndProjectSection
EndProject
Project("{8BC9CEB8-8B4A-11D0-8D11-00A0C91BC942}") = "lite-test", "lite-test.vcxproj", "{DABE9858-AF8D-332A-9975-EB91D05CC2F9}"
	ProjectSection(ProjectDependencies) = postProject
		{00EF6A61-935F-3230-A107-8D837C55DEBE} = {00EF6A61-935F-3230-A107-8D837C55DEBE}
		{F678E933-3628-329B-AA7C-05DAD1B4A5AD} = {F678E933-3628-329B-AA7C-05DAD1B4A5AD}
		{B1D6E482-2EB8-3081-BAC6-B6D09E5759CF} = {B1D6E482-2EB8-3081-BAC6-B6D09E5759CF}
		{81052C86-7BFB-3683-8D66-8F00D9B0496C} = {81052C86-7BFB-3683-8D66-8F00D9B0496C}
		{02A0083C-B885-3151-AC49-9006DD13E993} = {02A0083C-B885-3151-AC49-9006DD13E993}
	EndProjectSection
EndProject
Project("{8BC9CEB8-8B4A-11D0-8D11-00A0C91BC942}") = "protoc", "protoc.vcxproj", "{02A0083C-B885-3151-AC49-9006DD13E993}"
	ProjectSection(ProjectDependencies) = postProject
		{00EF6A61-935F-3230-A107-8D837C55DEBE} = {00EF6A61-935F-3230-A107-8D837C55DEBE}
		{09E194F4-7116-3E37-948C-5D345EC72A1A} = {09E194F4-7116-3E37-948C-5D345EC72A1A}
		{D6269E4C-0766-33CE-B9B6-68F399490D3D} = {D6269E4C-0766-33CE-B9B6-68F399490D3D}
	EndProjectSection
EndProject
Project("{8BC9CEB8-8B4A-11D0-8D11-00A0C91BC942}") = "test_plugin", "test_plugin.vcxproj", "{8BA93633-4AAA-3F02-ACC1-E464126EBFD2}"
	ProjectSection(ProjectDependencies) = postProject
		{00EF6A61-935F-3230-A107-8D837C55DEBE} = {00EF6A61-935F-3230-A107-8D837C55DEBE}
		{F678E933-3628-329B-AA7C-05DAD1B4A5AD} = {F678E933-3628-329B-AA7C-05DAD1B4A5AD}
		{09E194F4-7116-3E37-948C-5D345EC72A1A} = {09E194F4-7116-3E37-948C-5D345EC72A1A}
		{D6269E4C-0766-33CE-B9B6-68F399490D3D} = {D6269E4C-0766-33CE-B9B6-68F399490D3D}
	EndProjectSection
EndProject
Project("{8BC9CEB8-8B4A-11D0-8D11-00A0C91BC942}") = "tests", "tests.vcxproj", "{D22FD54D-553E-3DC1-A398-8A5405409EEE}"
	ProjectSection(ProjectDependencies) = postProject
		{00EF6A61-935F-3230-A107-8D837C55DEBE} = {00EF6A61-935F-3230-A107-8D837C55DEBE}
		{F678E933-3628-329B-AA7C-05DAD1B4A5AD} = {F678E933-3628-329B-AA7C-05DAD1B4A5AD}
		{B1D6E482-2EB8-3081-BAC6-B6D09E5759CF} = {B1D6E482-2EB8-3081-BAC6-B6D09E5759CF}
		{09E194F4-7116-3E37-948C-5D345EC72A1A} = {09E194F4-7116-3E37-948C-5D345EC72A1A}
		{D6269E4C-0766-33CE-B9B6-68F399490D3D} = {D6269E4C-0766-33CE-B9B6-68F399490D3D}
		{02A0083C-B885-3151-AC49-9006DD13E993} = {02A0083C-B885-3151-AC49-9006DD13E993}
	EndProjectSection
EndProject
Global
	GlobalSection(SolutionConfigurationPlatforms) = preSolution
		Debug|x64 = Debug|x64
		Release|x64 = Release|x64
		MinSizeRel|x64 = MinSizeRel|x64
		RelWithDebInfo|x64 = RelWithDebInfo|x64
	EndGlobalSection
	GlobalSection(ProjectConfigurationPlatforms) = postSolution
		{56080357-78EA-3339-8641-2D71F6F1FE8A}.Debug|x64.ActiveCfg = Debug|x64
		{56080357-78EA-3339-8641-2D71F6F1FE8A}.Debug|x64.Build.0 = Debug|x64
		{56080357-78EA-3339-8641-2D71F6F1FE8A}.Release|x64.ActiveCfg = Release|x64
		{56080357-78EA-3339-8641-2D71F6F1FE8A}.Release|x64.Build.0 = Release|x64
		{56080357-78EA-3339-8641-2D71F6F1FE8A}.MinSizeRel|x64.ActiveCfg = MinSizeRel|x64
		{56080357-78EA-3339-8641-2D71F6F1FE8A}.MinSizeRel|x64.Build.0 = MinSizeRel|x64
		{56080357-78EA-3339-8641-2D71F6F1FE8A}.RelWithDebInfo|x64.ActiveCfg = RelWithDebInfo|x64
		{56080357-78EA-3339-8641-2D71F6F1FE8A}.RelWithDebInfo|x64.Build.0 = RelWithDebInfo|x64
		{668D4010-B95E-3722-B6BC-82821A6AAC40}.Debug|x64.ActiveCfg = Debug|x64
		{668D4010-B95E-3722-B6BC-82821A6AAC40}.Release|x64.ActiveCfg = Release|x64
		{668D4010-B95E-3722-B6BC-82821A6AAC40}.MinSizeRel|x64.ActiveCfg = MinSizeRel|x64
		{668D4010-B95E-3722-B6BC-82821A6AAC40}.RelWithDebInfo|x64.ActiveCfg = RelWithDebInfo|x64
		{00EF6A61-935F-3230-A107-8D837C55DEBE}.Debug|x64.ActiveCfg = Debug|x64
		{00EF6A61-935F-3230-A107-8D837C55DEBE}.Debug|x64.Build.0 = Debug|x64
		{00EF6A61-935F-3230-A107-8D837C55DEBE}.Release|x64.ActiveCfg = Release|x64
		{00EF6A61-935F-3230-A107-8D837C55DEBE}.Release|x64.Build.0 = Release|x64
		{00EF6A61-935F-3230-A107-8D837C55DEBE}.MinSizeRel|x64.ActiveCfg = MinSizeRel|x64
		{00EF6A61-935F-3230-A107-8D837C55DEBE}.MinSizeRel|x64.Build.0 = MinSizeRel|x64
		{00EF6A61-935F-3230-A107-8D837C55DEBE}.RelWithDebInfo|x64.ActiveCfg = RelWithDebInfo|x64
		{00EF6A61-935F-3230-A107-8D837C55DEBE}.RelWithDebInfo|x64.Build.0 = RelWithDebInfo|x64
		{E38B6E48-03AB-384C-8BB8-06008D0A9196}.Debug|x64.ActiveCfg = Debug|x64
		{E38B6E48-03AB-384C-8BB8-06008D0A9196}.Release|x64.ActiveCfg = Release|x64
		{E38B6E48-03AB-384C-8BB8-06008D0A9196}.MinSizeRel|x64.ActiveCfg = MinSizeRel|x64
		{E38B6E48-03AB-384C-8BB8-06008D0A9196}.RelWithDebInfo|x64.ActiveCfg = RelWithDebInfo|x64
		{F678E933-3628-329B-AA7C-05DAD1B4A5AD}.Debug|x64.ActiveCfg = Debug|x64
		{F678E933-3628-329B-AA7C-05DAD1B4A5AD}.Debug|x64.Build.0 = Debug|x64
		{F678E933-3628-329B-AA7C-05DAD1B4A5AD}.Release|x64.ActiveCfg = Release|x64
		{F678E933-3628-329B-AA7C-05DAD1B4A5AD}.Release|x64.Build.0 = Release|x64
		{F678E933-3628-329B-AA7C-05DAD1B4A5AD}.MinSizeRel|x64.ActiveCfg = MinSizeRel|x64
		{F678E933-3628-329B-AA7C-05DAD1B4A5AD}.MinSizeRel|x64.Build.0 = MinSizeRel|x64
		{F678E933-3628-329B-AA7C-05DAD1B4A5AD}.RelWithDebInfo|x64.ActiveCfg = RelWithDebInfo|x64
		{F678E933-3628-329B-AA7C-05DAD1B4A5AD}.RelWithDebInfo|x64.Build.0 = RelWithDebInfo|x64
		{B1D6E482-2EB8-3081-BAC6-B6D09E5759CF}.Debug|x64.ActiveCfg = Debug|x64
		{B1D6E482-2EB8-3081-BAC6-B6D09E5759CF}.Debug|x64.Build.0 = Debug|x64
		{B1D6E482-2EB8-3081-BAC6-B6D09E5759CF}.Release|x64.ActiveCfg = Release|x64
		{B1D6E482-2EB8-3081-BAC6-B6D09E5759CF}.Release|x64.Build.0 = Release|x64
		{B1D6E482-2EB8-3081-BAC6-B6D09E5759CF}.MinSizeRel|x64.ActiveCfg = MinSizeRel|x64
		{B1D6E482-2EB8-3081-BAC6-B6D09E5759CF}.MinSizeRel|x64.Build.0 = MinSizeRel|x64
		{B1D6E482-2EB8-3081-BAC6-B6D09E5759CF}.RelWithDebInfo|x64.ActiveCfg = RelWithDebInfo|x64
		{B1D6E482-2EB8-3081-BAC6-B6D09E5759CF}.RelWithDebInfo|x64.Build.0 = RelWithDebInfo|x64
		{09E194F4-7116-3E37-948C-5D345EC72A1A}.Debug|x64.ActiveCfg = Debug|x64
		{09E194F4-7116-3E37-948C-5D345EC72A1A}.Debug|x64.Build.0 = Debug|x64
		{09E194F4-7116-3E37-948C-5D345EC72A1A}.Release|x64.ActiveCfg = Release|x64
		{09E194F4-7116-3E37-948C-5D345EC72A1A}.Release|x64.Build.0 = Release|x64
		{09E194F4-7116-3E37-948C-5D345EC72A1A}.MinSizeRel|x64.ActiveCfg = MinSizeRel|x64
		{09E194F4-7116-3E37-948C-5D345EC72A1A}.MinSizeRel|x64.Build.0 = MinSizeRel|x64
		{09E194F4-7116-3E37-948C-5D345EC72A1A}.RelWithDebInfo|x64.ActiveCfg = RelWithDebInfo|x64
		{09E194F4-7116-3E37-948C-5D345EC72A1A}.RelWithDebInfo|x64.Build.0 = RelWithDebInfo|x64
		{81052C86-7BFB-3683-8D66-8F00D9B0496C}.Debug|x64.ActiveCfg = Debug|x64
		{81052C86-7BFB-3683-8D66-8F00D9B0496C}.Debug|x64.Build.0 = Debug|x64
		{81052C86-7BFB-3683-8D66-8F00D9B0496C}.Release|x64.ActiveCfg = Release|x64
		{81052C86-7BFB-3683-8D66-8F00D9B0496C}.Release|x64.Build.0 = Release|x64
		{81052C86-7BFB-3683-8D66-8F00D9B0496C}.MinSizeRel|x64.ActiveCfg = MinSizeRel|x64
		{81052C86-7BFB-3683-8D66-8F00D9B0496C}.MinSizeRel|x64.Build.0 = MinSizeRel|x64
		{81052C86-7BFB-3683-8D66-8F00D9B0496C}.RelWithDebInfo|x64.ActiveCfg = RelWithDebInfo|x64
		{81052C86-7BFB-3683-8D66-8F00D9B0496C}.RelWithDebInfo|x64.Build.0 = RelWithDebInfo|x64
		{D6269E4C-0766-33CE-B9B6-68F399490D3D}.Debug|x64.ActiveCfg = Debug|x64
		{D6269E4C-0766-33CE-B9B6-68F399490D3D}.Debug|x64.Build.0 = Debug|x64
		{D6269E4C-0766-33CE-B9B6-68F399490D3D}.Release|x64.ActiveCfg = Release|x64
		{D6269E4C-0766-33CE-B9B6-68F399490D3D}.Release|x64.Build.0 = Release|x64
		{D6269E4C-0766-33CE-B9B6-68F399490D3D}.MinSizeRel|x64.ActiveCfg = MinSizeRel|x64
		{D6269E4C-0766-33CE-B9B6-68F399490D3D}.MinSizeRel|x64.Build.0 = MinSizeRel|x64
		{D6269E4C-0766-33CE-B9B6-68F399490D3D}.RelWithDebInfo|x64.ActiveCfg = RelWithDebInfo|x64
		{D6269E4C-0766-33CE-B9B6-68F399490D3D}.RelWithDebInfo|x64.Build.0 = RelWithDebInfo|x64
		{9694B7AA-BF10-3549-B5D2-D01ABD33A5EC}.Debug|x64.ActiveCfg = Debug|x64
		{9694B7AA-BF10-3549-B5D2-D01ABD33A5EC}.Debug|x64.Build.0 = Debug|x64
		{9694B7AA-BF10-3549-B5D2-D01ABD33A5EC}.Release|x64.ActiveCfg = Release|x64
		{9694B7AA-BF10-3549-B5D2-D01ABD33A5EC}.Release|x64.Build.0 = Release|x64
		{9694B7AA-BF10-3549-B5D2-D01ABD33A5EC}.MinSizeRel|x64.ActiveCfg = MinSizeRel|x64
		{9694B7AA-BF10-3549-B5D2-D01ABD33A5EC}.MinSizeRel|x64.Build.0 = MinSizeRel|x64
		{9694B7AA-BF10-3549-B5D2-D01ABD33A5EC}.RelWithDebInfo|x64.ActiveCfg = RelWithDebInfo|x64
		{9694B7AA-BF10-3549-B5D2-D01ABD33A5EC}.RelWithDebInfo|x64.Build.0 = RelWithDebInfo|x64
		{DABE9858-AF8D-332A-9975-EB91D05CC2F9}.Debug|x64.ActiveCfg = Debug|x64
		{DABE9858-AF8D-332A-9975-EB91D05CC2F9}.Debug|x64.Build.0 = Debug|x64
		{DABE9858-AF8D-332A-9975-EB91D05CC2F9}.Release|x64.ActiveCfg = Release|x64
		{DABE9858-AF8D-332A-9975-EB91D05CC2F9}.Release|x64.Build.0 = Release|x64
		{DABE9858-AF8D-332A-9975-EB91D05CC2F9}.MinSizeRel|x64.ActiveCfg = MinSizeRel|x64
		{DABE9858-AF8D-332A-9975-EB91D05CC2F9}.MinSizeRel|x64.Build.0 = MinSizeRel|x64
		{DABE9858-AF8D-332A-9975-EB91D05CC2F9}.RelWithDebInfo|x64.ActiveCfg = RelWithDebInfo|x64
		{DABE9858-AF8D-332A-9975-EB91D05CC2F9}.RelWithDebInfo|x64.Build.0 = RelWithDebInfo|x64
		{02A0083C-B885-3151-AC49-9006DD13E993}.Debug|x64.ActiveCfg = Debug|x64
		{02A0083C-B885-3151-AC49-9006DD13E993}.Debug|x64.Build.0 = Debug|x64
		{02A0083C-B885-3151-AC49-9006DD13E993}.Release|x64.ActiveCfg = Release|x64
		{02A0083C-B885-3151-AC49-9006DD13E993}.Release|x64.Build.0 = Release|x64
		{02A0083C-B885-3151-AC49-9006DD13E993}.MinSizeRel|x64.ActiveCfg = MinSizeRel|x64
		{02A0083C-B885-3151-AC49-9006DD13E993}.MinSizeRel|x64.Build.0 = MinSizeRel|x64
		{02A0083C-B885-3151-AC49-9006DD13E993}.RelWithDebInfo|x64.ActiveCfg = RelWithDebInfo|x64
		{02A0083C-B885-3151-AC49-9006DD13E993}.RelWithDebInfo|x64.Build.0 = RelWithDebInfo|x64
		{8BA93633-4AAA-3F02-ACC1-E464126EBFD2}.Debug|x64.ActiveCfg = Debug|x64
		{8BA93633-4AAA-3F02-ACC1-E464126EBFD2}.Debug|x64.Build.0 = Debug|x64
		{8BA93633-4AAA-3F02-ACC1-E464126EBFD2}.Release|x64.ActiveCfg = Release|x64
		{8BA93633-4AAA-3F02-ACC1-E464126EBFD2}.Release|x64.Build.0 = Release|x64
		{8BA93633-4AAA-3F02-ACC1-E464126EBFD2}.MinSizeRel|x64.ActiveCfg = MinSizeRel|x64
		{8BA93633-4AAA-3F02-ACC1-E464126EBFD2}.MinSizeRel|x64.Build.0 = MinSizeRel|x64
		{8BA93633-4AAA-3F02-ACC1-E464126EBFD2}.RelWithDebInfo|x64.ActiveCfg = RelWithDebInfo|x64
		{8BA93633-4AAA-3F02-ACC1-E464126EBFD2}.RelWithDebInfo|x64.Build.0 = RelWithDebInfo|x64
		{D22FD54D-553E-3DC1-A398-8A5405409EEE}.Debug|x64.ActiveCfg = Debug|x64
		{D22FD54D-553E-3DC1-A398-8A5405409EEE}.Debug|x64.Build.0 = Debug|x64
		{D22FD54D-553E-3DC1-A398-8A5405409EEE}.Release|x64.ActiveCfg = Release|x64
		{D22FD54D-553E-3DC1-A398-8A5405409EEE}.Release|x64.Build.0 = Release|x64
		{D22FD54D-553E-3DC1-A398-8A5405409EEE}.MinSizeRel|x64.ActiveCfg = MinSizeRel|x64
		{D22FD54D-553E-3DC1-A398-8A5405409EEE}.MinSizeRel|x64.Build.0 = MinSizeRel|x64
		{D22FD54D-553E-3DC1-A398-8A5405409EEE}.RelWithDebInfo|x64.ActiveCfg = RelWithDebInfo|x64
		{D22FD54D-553E-3DC1-A398-8A5405409EEE}.RelWithDebInfo|x64.Build.0 = RelWithDebInfo|x64
	EndGlobalSection
	GlobalSection(ExtensibilityGlobals) = postSolution
		SolutionGuid = {289D472A-B997-385A-826B-529F05513980}
	EndGlobalSection
	GlobalSection(ExtensibilityAddIns) = postSolution
	EndGlobalSection
EndGlobal
