<?xml version="1.0" encoding="utf-8"?>
<Project ToolsVersion="16.0" xmlns="http://schemas.microsoft.com/developer/msbuild/2003">
  <ItemGroup>
    <ClCompile Include="F:\test\lingo\src\cpp\test\protobuf-3.19.2\src\google\protobuf\compiler\mock_code_generator.cc">
      <Filter>Source Files</Filter>
    </ClCompile>
    <ClCompile Include="F:\test\lingo\src\cpp\test\protobuf-3.19.2\src\google\protobuf\compiler\test_plugin.cc">
      <Filter>Source Files</Filter>
    </ClCompile>
    <ClCompile Include="F:\test\lingo\src\cpp\test\protobuf-3.19.2\src\google\protobuf\testing\file.cc">
      <Filter>Source Files</Filter>
    </ClCompile>
  </ItemGroup>
  <ItemGroup>
    <ClInclude Include="F:\test\lingo\src\cpp\test\protobuf-3.19.2\src\google\protobuf\testing\file.h">
      <Filter>Header Files</Filter>
    </ClInclude>
  </ItemGroup>
  <ItemGroup>
    <CustomBuild Include="F:\test\lingo\src\cpp\test\protobuf-3.19.2\cmake\CMakeLists.txt" />
  </ItemGroup>
  <ItemGroup>
    <Filter Include="Header Files">
      <UniqueIdentifier>{F0FCC24D-A3D9-3A6D-A0A4-45BECDA092AA}</UniqueIdentifier>
    </Filter>
    <Filter Include="Source Files">
      <UniqueIdentifier>{DCB78A17-07B3-3286-80DB-BF2EA717BFED}</UniqueIdentifier>
    </Filter>
  </ItemGroup>
</Project>
