<?xml version="1.0" encoding="utf-8"?>
<Project ToolsVersion="16.0" xmlns="http://schemas.microsoft.com/developer/msbuild/2003">
  <ItemGroup>
    <ClCompile Include="D:\mywork\git\lingo\src\cpp\test\protobuf-3.19.2\src\google\protobuf\compiler\mock_code_generator.cc">
      <Filter>Source Files</Filter>
    </ClCompile>
    <ClCompile Include="D:\mywork\git\lingo\src\cpp\test\protobuf-3.19.2\src\google\protobuf\compiler\test_plugin.cc">
      <Filter>Source Files</Filter>
    </ClCompile>
    <ClCompile Include="D:\mywork\git\lingo\src\cpp\test\protobuf-3.19.2\src\google\protobuf\testing\file.cc">
      <Filter>Source Files</Filter>
    </ClCompile>
  </ItemGroup>
  <ItemGroup>
    <ClInclude Include="D:\mywork\git\lingo\src\cpp\test\protobuf-3.19.2\src\google\protobuf\testing\file.h">
      <Filter>Header Files</Filter>
    </ClInclude>
  </ItemGroup>
  <ItemGroup>
    <CustomBuild Include="D:\mywork\git\lingo\src\cpp\test\protobuf-3.19.2\cmake\CMakeLists.txt" />
  </ItemGroup>
  <ItemGroup>
    <Filter Include="Header Files">
      <UniqueIdentifier>{875CE566-DCCC-3D60-B29B-B1068155DB0C}</UniqueIdentifier>
    </Filter>
    <Filter Include="Source Files">
      <UniqueIdentifier>{76495A3F-ECF6-3604-8B08-01DC968A4D22}</UniqueIdentifier>
    </Filter>
  </ItemGroup>
</Project>
